// !$*UTF8*$!
{
	archiveVersion = 1;
	classes = {
	};
	objectVersion = 50;
	objects = {

/* Begin PBXBuildFile section */
		DEDD00B32611FC4800FEAF80 /* AppDelegate.swift in Sources */ = {isa = PBXBuildFile; fileRef = DEDD00B22611FC4800FEAF80 /* AppDelegate.swift */; };
		DEDD00B52611FC4800FEAF80 /* SceneDelegate.swift in Sources */ = {isa = PBXBuildFile; fileRef = DEDD00B42611FC4800FEAF80 /* SceneDelegate.swift */; };
		DEDD00BC2611FC4C00FEAF80 /* Assets.xcassets in Resources */ = {isa = PBXBuildFile; fileRef = DEDD00BB2611FC4C00FEAF80 /* Assets.xcassets */; };
		DEDD00BF2611FC4C00FEAF80 /* LaunchScreen.storyboard in Resources */ = {isa = PBXBuildFile; fileRef = DEDD00BD2611FC4C00FEAF80 /* LaunchScreen.storyboard */; };
		DEDD00CA2611FC4D00FEAF80 /* NasaGalleryTests.swift in Sources */ = {isa = PBXBuildFile; fileRef = DEDD00C92611FC4D00FEAF80 /* NasaGalleryTests.swift */; };
		DEDD00EC26120EF700FEAF80 /* GalleryViewController.swift in Sources */ = {isa = PBXBuildFile; fileRef = DEDD00EB26120EF700FEAF80 /* GalleryViewController.swift */; };
		DEDD00F42612113E00FEAF80 /* GalleryViewModel.swift in Sources */ = {isa = PBXBuildFile; fileRef = DEDD00F32612113E00FEAF80 /* GalleryViewModel.swift */; };
		DEDD00F92612132500FEAF80 /* NasaImage.swift in Sources */ = {isa = PBXBuildFile; fileRef = DEDD00F82612132500FEAF80 /* NasaImage.swift */; };
		DEDD00FE261243A100FEAF80 /* GalleryCell.swift in Sources */ = {isa = PBXBuildFile; fileRef = DEDD00FD261243A000FEAF80 /* GalleryCell.swift */; };
		DEDD01032612556800FEAF80 /* GalleryItemViewModel.swift in Sources */ = {isa = PBXBuildFile; fileRef = DEDD01022612556800FEAF80 /* GalleryItemViewModel.swift */; };
		DEDD010B2612657A00FEAF80 /* Network.swift in Sources */ = {isa = PBXBuildFile; fileRef = DEDD010A2612657A00FEAF80 /* Network.swift */; };
		DEDD01102612794100FEAF80 /* GalleryDetailViewController.swift in Sources */ = {isa = PBXBuildFile; fileRef = DEDD010F2612794100FEAF80 /* GalleryDetailViewController.swift */; };
		DEDD011E2613A2A500FEAF80 /* GalleryViewModelTests.swift in Sources */ = {isa = PBXBuildFile; fileRef = DEDD011D2613A2A500FEAF80 /* GalleryViewModelTests.swift */; };
		DEDD01232613A37F00FEAF80 /* NasaCollection.json in Resources */ = {isa = PBXBuildFile; fileRef = DEDD01222613A37F00FEAF80 /* NasaCollection.json */; };
		DEDD013E2613ABF300FEAF80 /* NasaMeta.json in Resources */ = {isa = PBXBuildFile; fileRef = DEDD013D2613ABF300FEAF80 /* NasaMeta.json */; };
		DEDD01422613AEB800FEAF80 /* NasaImageUrls.json in Resources */ = {isa = PBXBuildFile; fileRef = DEDD01412613AEB800FEAF80 /* NasaImageUrls.json */; };
/* End PBXBuildFile section */

/* Begin PBXContainerItemProxy section */
		DEDD00C62611FC4D00FEAF80 /* PBXContainerItemProxy */ = {
			isa = PBXContainerItemProxy;
			containerPortal = DEDD00A72611FC4800FEAF80 /* Project object */;
			proxyType = 1;
			remoteGlobalIDString = DEDD00AE2611FC4800FEAF80;
			remoteInfo = NasaGallery;
		};
/* End PBXContainerItemProxy section */

/* Begin PBXFileReference section */
		DEDD00AF2611FC4800FEAF80 /* NasaGallery.app */ = {isa = PBXFileReference; explicitFileType = wrapper.application; includeInIndex = 0; path = NasaGallery.app; sourceTree = BUILT_PRODUCTS_DIR; };
		DEDD00B22611FC4800FEAF80 /* AppDelegate.swift */ = {isa = PBXFileReference; lastKnownFileType = sourcecode.swift; path = AppDelegate.swift; sourceTree = "<group>"; };
		DEDD00B42611FC4800FEAF80 /* SceneDelegate.swift */ = {isa = PBXFileReference; lastKnownFileType = sourcecode.swift; path = SceneDelegate.swift; sourceTree = "<group>"; };
		DEDD00BB2611FC4C00FEAF80 /* Assets.xcassets */ = {isa = PBXFileReference; lastKnownFileType = folder.assetcatalog; path = Assets.xcassets; sourceTree = "<group>"; };
		DEDD00BE2611FC4C00FEAF80 /* Base */ = {isa = PBXFileReference; lastKnownFileType = file.storyboard; name = Base; path = Base.lproj/LaunchScreen.storyboard; sourceTree = "<group>"; };
		DEDD00C02611FC4C00FEAF80 /* Info.plist */ = {isa = PBXFileReference; lastKnownFileType = text.plist.xml; path = Info.plist; sourceTree = "<group>"; };
		DEDD00C52611FC4D00FEAF80 /* NasaGalleryTests.xctest */ = {isa = PBXFileReference; explicitFileType = wrapper.cfbundle; includeInIndex = 0; path = NasaGalleryTests.xctest; sourceTree = BUILT_PRODUCTS_DIR; };
		DEDD00C92611FC4D00FEAF80 /* NasaGalleryTests.swift */ = {isa = PBXFileReference; lastKnownFileType = sourcecode.swift; path = NasaGalleryTests.swift; sourceTree = "<group>"; };
		DEDD00CB2611FC4D00FEAF80 /* Info.plist */ = {isa = PBXFileReference; lastKnownFileType = text.plist.xml; path = Info.plist; sourceTree = "<group>"; };
		DEDD00EB26120EF700FEAF80 /* GalleryViewController.swift */ = {isa = PBXFileReference; lastKnownFileType = sourcecode.swift; path = GalleryViewController.swift; sourceTree = "<group>"; };
		DEDD00F32612113E00FEAF80 /* GalleryViewModel.swift */ = {isa = PBXFileReference; lastKnownFileType = sourcecode.swift; path = GalleryViewModel.swift; sourceTree = "<group>"; };
		DEDD00F82612132500FEAF80 /* NasaImage.swift */ = {isa = PBXFileReference; lastKnownFileType = sourcecode.swift; path = NasaImage.swift; sourceTree = "<group>"; };
		DEDD00FD261243A000FEAF80 /* GalleryCell.swift */ = {isa = PBXFileReference; lastKnownFileType = sourcecode.swift; path = GalleryCell.swift; sourceTree = "<group>"; };
		DEDD01022612556800FEAF80 /* GalleryItemViewModel.swift */ = {isa = PBXFileReference; lastKnownFileType = sourcecode.swift; path = GalleryItemViewModel.swift; sourceTree = "<group>"; };
		DEDD010A2612657A00FEAF80 /* Network.swift */ = {isa = PBXFileReference; lastKnownFileType = sourcecode.swift; path = Network.swift; sourceTree = "<group>"; };
		DEDD010F2612794100FEAF80 /* GalleryDetailViewController.swift */ = {isa = PBXFileReference; lastKnownFileType = sourcecode.swift; path = GalleryDetailViewController.swift; sourceTree = "<group>"; };
		DEDD011D2613A2A500FEAF80 /* GalleryViewModelTests.swift */ = {isa = PBXFileReference; lastKnownFileType = sourcecode.swift; path = GalleryViewModelTests.swift; sourceTree = "<group>"; };
		DEDD01222613A37F00FEAF80 /* NasaCollection.json */ = {isa = PBXFileReference; lastKnownFileType = text.json; path = NasaCollection.json; sourceTree = "<group>"; };
		DEDD013D2613ABF300FEAF80 /* NasaMeta.json */ = {isa = PBXFileReference; lastKnownFileType = text.json; path = NasaMeta.json; sourceTree = "<group>"; };
		DEDD01412613AEB800FEAF80 /* NasaImageUrls.json */ = {isa = PBXFileReference; lastKnownFileType = text.json; path = NasaImageUrls.json; sourceTree = "<group>"; };
/* End PBXFileReference section */

/* Begin PBXFrameworksBuildPhase section */
		DEDD00AC2611FC4800FEAF80 /* Frameworks */ = {
			isa = PBXFrameworksBuildPhase;
			buildActionMask = 2147483647;
			files = (
			);
			runOnlyForDeploymentPostprocessing = 0;
		};
		DEDD00C22611FC4D00FEAF80 /* Frameworks */ = {
			isa = PBXFrameworksBuildPhase;
			buildActionMask = 2147483647;
			files = (
			);
			runOnlyForDeploymentPostprocessing = 0;
		};
/* End PBXFrameworksBuildPhase section */

/* Begin PBXGroup section */
		DEDD00A62611FC4800FEAF80 = {
			isa = PBXGroup;
			children = (
				DEDD00B12611FC4800FEAF80 /* NasaGallery */,
				DEDD00C82611FC4D00FEAF80 /* NasaGalleryTests */,
				DEDD00B02611FC4800FEAF80 /* Products */,
			);
			sourceTree = "<group>";
		};
		DEDD00B02611FC4800FEAF80 /* Products */ = {
			isa = PBXGroup;
			children = (
				DEDD00AF2611FC4800FEAF80 /* NasaGallery.app */,
				DEDD00C52611FC4D00FEAF80 /* NasaGalleryTests.xctest */,
			);
			name = Products;
			sourceTree = "<group>";
		};
		DEDD00B12611FC4800FEAF80 /* NasaGallery */ = {
			isa = PBXGroup;
			children = (
				DEDD00B22611FC4800FEAF80 /* AppDelegate.swift */,
				DEDD00B42611FC4800FEAF80 /* SceneDelegate.swift */,
				DEDD00BB2611FC4C00FEAF80 /* Assets.xcassets */,
				DEDD00BD2611FC4C00FEAF80 /* LaunchScreen.storyboard */,
				DEDD00C02611FC4C00FEAF80 /* Info.plist */,
				DEDD011726137C9700FEAF80 /* Model */,
				DEDD011826137C9F00FEAF80 /* ViewModel */,
				DEDD011926137CAB00FEAF80 /* View */,
			);
			path = NasaGallery;
			sourceTree = "<group>";
		};
		DEDD00C82611FC4D00FEAF80 /* NasaGalleryTests */ = {
			isa = PBXGroup;
			children = (
				DEDD00C92611FC4D00FEAF80 /* NasaGalleryTests.swift */,
				DEDD00CB2611FC4D00FEAF80 /* Info.plist */,
				DEDD011D2613A2A500FEAF80 /* GalleryViewModelTests.swift */,
				DEDD01222613A37F00FEAF80 /* NasaCollection.json */,
				DEDD013D2613ABF300FEAF80 /* NasaMeta.json */,
				DEDD01412613AEB800FEAF80 /* NasaImageUrls.json */,
			);
			path = NasaGalleryTests;
			sourceTree = "<group>";
		};
		DEDD011726137C9700FEAF80 /* Model */ = {
			isa = PBXGroup;
			children = (
				DEDD00F82612132500FEAF80 /* NasaImage.swift */,
				DEDD010A2612657A00FEAF80 /* Network.swift */,
			);
			path = Model;
			sourceTree = "<group>";
		};
		DEDD011826137C9F00FEAF80 /* ViewModel */ = {
			isa = PBXGroup;
			children = (
				DEDD00F32612113E00FEAF80 /* GalleryViewModel.swift */,
				DEDD01022612556800FEAF80 /* GalleryItemViewModel.swift */,
			);
			path = ViewModel;
			sourceTree = "<group>";
		};
		DEDD011926137CAB00FEAF80 /* View */ = {
			isa = PBXGroup;
			children = (
				DEDD00EB26120EF700FEAF80 /* GalleryViewController.swift */,
				DEDD00FD261243A000FEAF80 /* GalleryCell.swift */,
				DEDD010F2612794100FEAF80 /* GalleryDetailViewController.swift */,
			);
			path = View;
			sourceTree = "<group>";
		};
/* End PBXGroup section */

/* Begin PBXNativeTarget section */
		DEDD00AE2611FC4800FEAF80 /* NasaGallery */ = {
			isa = PBXNativeTarget;
			buildConfigurationList = DEDD00D92611FC4D00FEAF80 /* Build configuration list for PBXNativeTarget "NasaGallery" */;
			buildPhases = (
				DEDD00AB2611FC4800FEAF80 /* Sources */,
				DEDD00AC2611FC4800FEAF80 /* Frameworks */,
				DEDD00AD2611FC4800FEAF80 /* Resources */,
			);
			buildRules = (
			);
			dependencies = (
			);
			name = NasaGallery;
			productName = NasaGallery;
			productReference = DEDD00AF2611FC4800FEAF80 /* NasaGallery.app */;
			productType = "com.apple.product-type.application";
		};
		DEDD00C42611FC4D00FEAF80 /* NasaGalleryTests */ = {
			isa = PBXNativeTarget;
			buildConfigurationList = DEDD00DC2611FC4D00FEAF80 /* Build configuration list for PBXNativeTarget "NasaGalleryTests" */;
			buildPhases = (
				DEDD00C12611FC4D00FEAF80 /* Sources */,
				DEDD00C22611FC4D00FEAF80 /* Frameworks */,
				DEDD00C32611FC4D00FEAF80 /* Resources */,
			);
			buildRules = (
			);
			dependencies = (
				DEDD00C72611FC4D00FEAF80 /* PBXTargetDependency */,
			);
			name = NasaGalleryTests;
			productName = NasaGalleryTests;
			productReference = DEDD00C52611FC4D00FEAF80 /* NasaGalleryTests.xctest */;
			productType = "com.apple.product-type.bundle.unit-test";
		};
/* End PBXNativeTarget section */

/* Begin PBXProject section */
		DEDD00A72611FC4800FEAF80 /* Project object */ = {
			isa = PBXProject;
			attributes = {
				LastSwiftUpdateCheck = 1240;
				LastUpgradeCheck = 1240;
				TargetAttributes = {
					DEDD00AE2611FC4800FEAF80 = {
						CreatedOnToolsVersion = 12.4;
					};
					DEDD00C42611FC4D00FEAF80 = {
						CreatedOnToolsVersion = 12.4;
						TestTargetID = DEDD00AE2611FC4800FEAF80;
					};
				};
			};
			buildConfigurationList = DEDD00AA2611FC4800FEAF80 /* Build configuration list for PBXProject "NasaGallery" */;
			compatibilityVersion = "Xcode 9.3";
			developmentRegion = en;
			hasScannedForEncodings = 0;
			knownRegions = (
				en,
				Base,
			);
			mainGroup = DEDD00A62611FC4800FEAF80;
			productRefGroup = DEDD00B02611FC4800FEAF80 /* Products */;
			projectDirPath = "";
			projectRoot = "";
			targets = (
				DEDD00AE2611FC4800FEAF80 /* NasaGallery */,
				DEDD00C42611FC4D00FEAF80 /* NasaGalleryTests */,
			);
		};
/* End PBXProject section */

/* Begin PBXResourcesBuildPhase section */
		DEDD00AD2611FC4800FEAF80 /* Resources */ = {
			isa = PBXResourcesBuildPhase;
			buildActionMask = 2147483647;
			files = (
				DEDD00BF2611FC4C00FEAF80 /* LaunchScreen.storyboard in Resources */,
				DEDD00BC2611FC4C00FEAF80 /* Assets.xcassets in Resources */,
			);
			runOnlyForDeploymentPostprocessing = 0;
		};
		DEDD00C32611FC4D00FEAF80 /* Resources */ = {
			isa = PBXResourcesBuildPhase;
			buildActionMask = 2147483647;
			files = (
				DEDD01232613A37F00FEAF80 /* NasaCollection.json in Resources */,
				DEDD013E2613ABF300FEAF80 /* NasaMeta.json in Resources */,
				DEDD01422613AEB800FEAF80 /* NasaImageUrls.json in Resources */,
			);
			runOnlyForDeploymentPostprocessing = 0;
		};
/* End PBXResourcesBuildPhase section */

/* Begin PBXSourcesBuildPhase section */
		DEDD00AB2611FC4800FEAF80 /* Sources */ = {
			isa = PBXSourcesBuildPhase;
			buildActionMask = 2147483647;
			files = (
				DEDD01032612556800FEAF80 /* GalleryItemViewModel.swift in Sources */,
				DEDD00FE261243A100FEAF80 /* GalleryCell.swift in Sources */,
				DEDD010B2612657A00FEAF80 /* Network.swift in Sources */,
				DEDD00EC26120EF700FEAF80 /* GalleryViewController.swift in Sources */,
				DEDD01102612794100FEAF80 /* GalleryDetailViewController.swift in Sources */,
				DEDD00F42612113E00FEAF80 /* GalleryViewModel.swift in Sources */,
				DEDD00F92612132500FEAF80 /* NasaImage.swift in Sources */,
				DEDD00B32611FC4800FEAF80 /* AppDelegate.swift in Sources */,
				DEDD00B52611FC4800FEAF80 /* SceneDelegate.swift in Sources */,
			);
			runOnlyForDeploymentPostprocessing = 0;
		};
		DEDD00C12611FC4D00FEAF80 /* Sources */ = {
			isa = PBXSourcesBuildPhase;
			buildActionMask = 2147483647;
			files = (
				DEDD011E2613A2A500FEAF80 /* GalleryViewModelTests.swift in Sources */,
				DEDD00CA2611FC4D00FEAF80 /* NasaGalleryTests.swift in Sources */,
			);
			runOnlyForDeploymentPostprocessing = 0;
		};
/* End PBXSourcesBuildPhase section */

/* Begin PBXTargetDependency section */
		DEDD00C72611FC4D00FEAF80 /* PBXTargetDependency */ = {
			isa = PBXTargetDependency;
			target = DEDD00AE2611FC4800FEAF80 /* NasaGallery */;
			targetProxy = DEDD00C62611FC4D00FEAF80 /* PBXContainerItemProxy */;
		};
/* End PBXTargetDependency section */

/* Begin PBXVariantGroup section */
		DEDD00BD2611FC4C00FEAF80 /* LaunchScreen.storyboard */ = {
			isa = PBXVariantGroup;
			children = (
				DEDD00BE2611FC4C00FEAF80 /* Base */,
			);
			name = LaunchScreen.storyboard;
			sourceTree = "<group>";
		};
/* End PBXVariantGroup section */

/* Begin XCBuildConfiguration section */
		DEDD00D72611FC4D00FEAF80 /* Debug */ = {
			isa = XCBuildConfiguration;
			buildSettings = {
				ALWAYS_SEARCH_USER_PATHS = NO;
				CLANG_ANALYZER_NONNULL = YES;
				CLANG_ANALYZER_NUMBER_OBJECT_CONVERSION = YES_AGGRESSIVE;
				CLANG_CXX_LANGUAGE_STANDARD = "gnu++14";
				CLANG_CXX_LIBRARY = "libc++";
				CLANG_ENABLE_MODULES = YES;
				CLANG_ENABLE_OBJC_ARC = YES;
				CLANG_ENABLE_OBJC_WEAK = YES;
				CLANG_WARN_BLOCK_CAPTURE_AUTORELEASING = YES;
				CLANG_WARN_BOOL_CONVERSION = YES;
				CLANG_WARN_COMMA = YES;
				CLANG_WARN_CONSTANT_CONVERSION = YES;
				CLANG_WARN_DEPRECATED_OBJC_IMPLEMENTATIONS = YES;
				CLANG_WARN_DIRECT_OBJC_ISA_USAGE = YES_ERROR;
				CLANG_WARN_DOCUMENTATION_COMMENTS = YES;
				CLANG_WARN_EMPTY_BODY = YES;
				CLANG_WARN_ENUM_CONVERSION = YES;
				CLANG_WARN_INFINITE_RECURSION = YES;
				CLANG_WARN_INT_CONVERSION = YES;
				CLANG_WARN_NON_LITERAL_NULL_CONVERSION = YES;
				CLANG_WARN_OBJC_IMPLICIT_RETAIN_SELF = YES;
				CLANG_WARN_OBJC_LITERAL_CONVERSION = YES;
				CLANG_WARN_OBJC_ROOT_CLASS = YES_ERROR;
				CLANG_WARN_QUOTED_INCLUDE_IN_FRAMEWORK_HEADER = YES;
				CLANG_WARN_RANGE_LOOP_ANALYSIS = YES;
				CLANG_WARN_STRICT_PROTOTYPES = YES;
				CLANG_WARN_SUSPICIOUS_MOVE = YES;
				CLANG_WARN_UNGUARDED_AVAILABILITY = YES_AGGRESSIVE;
				CLANG_WARN_UNREACHABLE_CODE = YES;
				CLANG_WARN__DUPLICATE_METHOD_MATCH = YES;
				COPY_PHASE_STRIP = NO;
				DEBUG_INFORMATION_FORMAT = dwarf;
				ENABLE_STRICT_OBJC_MSGSEND = YES;
				ENABLE_TESTABILITY = YES;
				GCC_C_LANGUAGE_STANDARD = gnu11;
				GCC_DYNAMIC_NO_PIC = NO;
				GCC_NO_COMMON_BLOCKS = YES;
				GCC_OPTIMIZATION_LEVEL = 0;
				GCC_PREPROCESSOR_DEFINITIONS = (
					"DEBUG=1",
					"$(inherited)",
				);
				GCC_WARN_64_TO_32_BIT_CONVERSION = YES;
				GCC_WARN_ABOUT_RETURN_TYPE = YES_ERROR;
				GCC_WARN_UNDECLARED_SELECTOR = YES;
				GCC_WARN_UNINITIALIZED_AUTOS = YES_AGGRESSIVE;
				GCC_WARN_UNUSED_FUNCTION = YES;
				GCC_WARN_UNUSED_VARIABLE = YES;
				IPHONEOS_DEPLOYMENT_TARGET = 14.4;
				MTL_ENABLE_DEBUG_INFO = INCLUDE_SOURCE;
				MTL_FAST_MATH = YES;
				ONLY_ACTIVE_ARCH = YES;
				SDKROOT = iphoneos;
				SWIFT_ACTIVE_COMPILATION_CONDITIONS = DEBUG;
				SWIFT_OPTIMIZATION_LEVEL = "-Onone";
			};
			name = Debug;
		};
		DEDD00D82611FC4D00FEAF80 /* Release */ = {
			isa = XCBuildConfiguration;
			buildSettings = {
				ALWAYS_SEARCH_USER_PATHS = NO;
				CLANG_ANALYZER_NONNULL = YES;
				CLANG_ANALYZER_NUMBER_OBJECT_CONVERSION = YES_AGGRESSIVE;
				CLANG_CXX_LANGUAGE_STANDARD = "gnu++14";
				CLANG_CXX_LIBRARY = "libc++";
				CLANG_ENABLE_MODULES = YES;
				CLANG_ENABLE_OBJC_ARC = YES;
				CLANG_ENABLE_OBJC_WEAK = YES;
				CLANG_WARN_BLOCK_CAPTURE_AUTORELEASING = YES;
				CLANG_WARN_BOOL_CONVERSION = YES;
				CLANG_WARN_COMMA = YES;
				CLANG_WARN_CONSTANT_CONVERSION = YES;
				CLANG_WARN_DEPRECATED_OBJC_IMPLEMENTATIONS = YES;
				CLANG_WARN_DIRECT_OBJC_ISA_USAGE = YES_ERROR;
				CLANG_WARN_DOCUMENTATION_COMMENTS = YES;
				CLANG_WARN_EMPTY_BODY = YES;
				CLANG_WARN_ENUM_CONVERSION = YES;
				CLANG_WARN_INFINITE_RECURSION = YES;
				CLANG_WARN_INT_CONVERSION = YES;
				CLANG_WARN_NON_LITERAL_NULL_CONVERSION = YES;
				CLANG_WARN_OBJC_IMPLICIT_RETAIN_SELF = YES;
				CLANG_WARN_OBJC_LITERAL_CONVERSION = YES;
				CLANG_WARN_OBJC_ROOT_CLASS = YES_ERROR;
				CLANG_WARN_QUOTED_INCLUDE_IN_FRAMEWORK_HEADER = YES;
				CLANG_WARN_RANGE_LOOP_ANALYSIS = YES;
				CLANG_WARN_STRICT_PROTOTYPES = YES;
				CLANG_WARN_SUSPICIOUS_MOVE = YES;
				CLANG_WARN_UNGUARDED_AVAILABILITY = YES_AGGRESSIVE;
				CLANG_WARN_UNREACHABLE_CODE = YES;
				CLANG_WARN__DUPLICATE_METHOD_MATCH = YES;
				COPY_PHASE_STRIP = NO;
				DEBUG_INFORMATION_FORMAT = "dwarf-with-dsym";
				ENABLE_NS_ASSERTIONS = NO;
				ENABLE_STRICT_OBJC_MSGSEND = YES;
				GCC_C_LANGUAGE_STANDARD = gnu11;
				GCC_NO_COMMON_BLOCKS = YES;
				GCC_WARN_64_TO_32_BIT_CONVERSION = YES;
				GCC_WARN_ABOUT_RETURN_TYPE = YES_ERROR;
				GCC_WARN_UNDECLARED_SELECTOR = YES;
				GCC_WARN_UNINITIALIZED_AUTOS = YES_AGGRESSIVE;
				GCC_WARN_UNUSED_FUNCTION = YES;
				GCC_WARN_UNUSED_VARIABLE = YES;
				IPHONEOS_DEPLOYMENT_TARGET = 14.4;
				MTL_ENABLE_DEBUG_INFO = NO;
				MTL_FAST_MATH = YES;
				SDKROOT = iphoneos;
				SWIFT_COMPILATION_MODE = wholemodule;
				SWIFT_OPTIMIZATION_LEVEL = "-O";
				VALIDATE_PRODUCT = YES;
			};
			name = Release;
		};
		DEDD00DA2611FC4D00FEAF80 /* Debug */ = {
			isa = XCBuildConfiguration;
			buildSettings = {
				ASSETCATALOG_COMPILER_APPICON_NAME = AppIcon;
				ASSETCATALOG_COMPILER_GLOBAL_ACCENT_COLOR_NAME = AccentColor;
				CODE_SIGN_STYLE = Automatic;
				DEVELOPMENT_TEAM = P7Y3CKA76T;
				INFOPLIST_FILE = NasaGallery/Info.plist;
				LD_RUNPATH_SEARCH_PATHS = (
					"$(inherited)",
					"@executable_path/Frameworks",
				);
				PRODUCT_BUNDLE_IDENTIFIER = seymotom.NasaGallery;
				PRODUCT_NAME = "$(TARGET_NAME)";
				SWIFT_VERSION = 5.0;
				TARGETED_DEVICE_FAMILY = "1,2";
			};
			name = Debug;
		};
		DEDD00DB2611FC4D00FEAF80 /* Release */ = {
			isa = XCBuildConfiguration;
			buildSettings = {
				ASSETCATALOG_COMPILER_APPICON_NAME = AppIcon;
				ASSETCATALOG_COMPILER_GLOBAL_ACCENT_COLOR_NAME = AccentColor;
				CODE_SIGN_STYLE = Automatic;
				DEVELOPMENT_TEAM = P7Y3CKA76T;
				INFOPLIST_FILE = NasaGallery/Info.plist;
				LD_RUNPATH_SEARCH_PATHS = (
					"$(inherited)",
					"@executable_path/Frameworks",
				);
				PRODUCT_BUNDLE_IDENTIFIER = seymotom.NasaGallery;
				PRODUCT_NAME = "$(TARGET_NAME)";
				SWIFT_VERSION = 5.0;
				TARGETED_DEVICE_FAMILY = "1,2";
			};
			name = Release;
		};
		DEDD00DD2611FC4D00FEAF80 /* Debug */ = {
			isa = XCBuildConfiguration;
			buildSettings = {
				ALWAYS_EMBED_SWIFT_STANDARD_LIBRARIES = YES;
				BUNDLE_LOADER = "$(TEST_HOST)";
				CODE_SIGN_STYLE = Automatic;
				DEVELOPMENT_TEAM = P7Y3CKA76T;
				INFOPLIST_FILE = NasaGalleryTests/Info.plist;
				IPHONEOS_DEPLOYMENT_TARGET = 14.4;
				LD_RUNPATH_SEARCH_PATHS = (
					"$(inherited)",
					"@executable_path/Frameworks",
					"@loader_path/Frameworks",
				);
				PRODUCT_BUNDLE_IDENTIFIER = seymotom.NasaGalleryTests;
				PRODUCT_NAME = "$(TARGET_NAME)";
				SWIFT_VERSION = 5.0;
				TARGETED_DEVICE_FAMILY = "1,2";
				TEST_HOST = "$(BUILT_PRODUCTS_DIR)/NasaGallery.app/NasaGallery";
			};
			name = Debug;
		};
		DEDD00DE2611FC4D00FEAF80 /* Release */ = {
			isa = XCBuildConfiguration;
			buildSettings = {
				ALWAYS_EMBED_SWIFT_STANDARD_LIBRARIES = YES;
				BUNDLE_LOADER = "$(TEST_HOST)";
				CODE_SIGN_STYLE = Automatic;
				DEVELOPMENT_TEAM = P7Y3CKA76T;
				INFOPLIST_FILE = NasaGalleryTests/Info.plist;
				IPHONEOS_DEPLOYMENT_TARGET = 14.4;
				LD_RUNPATH_SEARCH_PATHS = (
					"$(inherited)",
					"@executable_path/Frameworks",
					"@loader_path/Frameworks",
				);
				PRODUCT_BUNDLE_IDENTIFIER = seymotom.NasaGalleryTests;
				PRODUCT_NAME = "$(TARGET_NAME)";
				SWIFT_VERSION = 5.0;
				TARGETED_DEVICE_FAMILY = "1,2";
				TEST_HOST = "$(BUILT_PRODUCTS_DIR)/NasaGallery.app/NasaGallery";
			};
			name = Release;
		};
/* End XCBuildConfiguration section */

/* Begin XCConfigurationList section */
		DEDD00AA2611FC4800FEAF80 /* Build configuration list for PBXProject "NasaGallery" */ = {
			isa = XCConfigurationList;
			buildConfigurations = (
				DEDD00D72611FC4D00FEAF80 /* Debug */,
				DEDD00D82611FC4D00FEAF80 /* Release */,
			);
			defaultConfigurationIsVisible = 0;
			defaultConfigurationName = Release;
		};
		DEDD00D92611FC4D00FEAF80 /* Build configuration list for PBXNativeTarget "NasaGallery" */ = {
			isa = XCConfigurationList;
			buildConfigurations = (
				DEDD00DA2611FC4D00FEAF80 /* Debug */,
				DEDD00DB2611FC4D00FEAF80 /* Release */,
			);
			defaultConfigurationIsVisible = 0;
			defaultConfigurationName = Release;
		};
		DEDD00DC2611FC4D00FEAF80 /* Build configuration list for PBXNativeTarget "NasaGalleryTests" */ = {
			isa = XCConfigurationList;
			buildConfigurations = (
				DEDD00DD2611FC4D00FEAF80 /* Debug */,
				DEDD00DE2611FC4D00FEAF80 /* Release */,
			);
			defaultConfigurationIsVisible = 0;
			defaultConfigurationName = Release;
		};
/* End XCConfigurationList section */
	};
	rootObject = DEDD00A72611FC4800FEAF80 /* Project object */;
}
